
Microsoft Visual Studio Solution File, Format Version 12.00
# Visual Studio Version 17
VisualStudioVersion = 17.11.35312.102
MinimumVisualStudioVersion = 10.0.40219.1
Project("{9A19103F-16F7-4668-BE54-9A1E7A4F7556}") = "BlueDidjey2point0", "BlueDidjey2point0\BlueDidjey2point0.csproj", "{00D95A4C-BF84-42D3-AF32-74AAB32B7082}"
EndProject
Project("{2150E333-8FDC-42A3-9474-1A3956D46DE8}") = "Элементы решения", "Элементы решения", "{FD4F2D62-2422-401E-9AEF-7A9CA075B73A}"
EndProject
Global
	GlobalSection(SolutionConfigurationPlatforms) = preSolution
		Debug|Any CPU = Debug|Any CPU
		Release|Any CPU = Release|Any CPU
	EndGlobalSection
	GlobalSection(ProjectConfigurationPlatforms) = postSolution
		{00D95A4C-BF84-42D3-AF32-74AAB32B7082}.Debug|Any CPU.ActiveCfg = Debug|Any CPU
		{00D95A4C-BF84-42D3-AF32-74AAB32B7082}.Debug|Any CPU.Build.0 = Debug|Any CPU
		{00D95A4C-BF84-42D3-AF32-74AAB32B7082}.Release|Any CPU.ActiveCfg = Release|Any CPU
		{00D95A4C-BF84-42D3-AF32-74AAB32B7082}.Release|Any CPU.Build.0 = Release|Any CPU
	EndGlobalSection
	GlobalSection(SolutionProperties) = preSolution
		HideSolutionNode = FALSE
	EndGlobalSection
	GlobalSection(ExtensibilityGlobals) = postSolution
		SolutionGuid = {F2DE8432-DB06-4DED-A7AD-4F5B2ABC19AE}
	EndGlobalSection
EndGlobal
